
Microsoft Visual Studio Solution File, Format Version 12.00
# Visual Studio Version 16
VisualStudioVersion = 16.0.28803.352
MinimumVisualStudioVersion = 10.0.40219.1
Project("{9092AA53-FB77-4645-B42D-1CCCA6BD08BD}") = "wisylbackend", "wisylbackend.njsproj", "{A5D4020F-1753-453C-8EFF-74C5D4C5341B}"
EndProject
Global
	GlobalSection(SolutionConfigurationPlatforms) = preSolution
		Debug|Any CPU = Debug|Any CPU
		Release|Any CPU = Release|Any CPU
	EndGlobalSection
	GlobalSection(ProjectConfigurationPlatforms) = postSolution
		{A5D4020F-1753-453C-8EFF-74C5D4C5341B}.Debug|Any CPU.ActiveCfg = Debug|Any CPU
		{A5D4020F-1753-453C-8EFF-74C5D4C5341B}.Debug|Any CPU.Build.0 = Debug|Any CPU
		{A5D4020F-1753-453C-8EFF-74C5D4C5341B}.Release|Any CPU.ActiveCfg = Release|Any CPU
		{A5D4020F-1753-453C-8EFF-74C5D4C5341B}.Release|Any CPU.Build.0 = Release|Any CPU
	EndGlobalSection
	GlobalSection(SolutionProperties) = preSolution
		HideSolutionNode = FALSE
	EndGlobalSection
	GlobalSection(ExtensibilityGlobals) = postSolution
		SolutionGuid = {CEF6F388-A10A-4AD2-8EE6-38F29F041D67}
	EndGlobalSection
EndGlobal
